
Microsoft Visual Studio Solution File, Format Version 12.00
# Visual Studio Version 17
VisualStudioVersion = 17.10.35122.118
MinimumVisualStudioVersion = 10.0.40219.1
Project("{FAE04EC0-301F-11D3-BF4B-00C04F79EFBC}") = "AuthService", "AuthService\AuthService.csproj", "{793C875C-272A-4ED5-B8EF-E6659218C39F}"
EndProject
Global
	GlobalSection(SolutionConfigurationPlatforms) = preSolution
		Debug|Any CPU = Debug|Any CPU
		Release|Any CPU = Release|Any CPU
	EndGlobalSection
	GlobalSection(ProjectConfigurationPlatforms) = postSolution
		{793C875C-272A-4ED5-B8EF-E6659218C39F}.Debug|Any CPU.ActiveCfg = Debug|Any CPU
		{793C875C-272A-4ED5-B8EF-E6659218C39F}.Debug|Any CPU.Build.0 = Debug|Any CPU
		{793C875C-272A-4ED5-B8EF-E6659218C39F}.Release|Any CPU.ActiveCfg = Release|Any CPU
		{793C875C-272A-4ED5-B8EF-E6659218C39F}.Release|Any CPU.Build.0 = Release|Any CPU
	EndGlobalSection
	GlobalSection(SolutionProperties) = preSolution
		HideSolutionNode = FALSE
	EndGlobalSection
	GlobalSection(ExtensibilityGlobals) = postSolution
		SolutionGuid = {92BCC2FD-0859-484F-B5DE-706E75D85058}
	EndGlobalSection
EndGlobal
